
Microsoft Visual Studio Solution File, Format Version 12.00
# Visual Studio Version 17
VisualStudioVersion = 17.9.34728.123
MinimumVisualStudioVersion = 10.0.40219.1
Project("{9A19103F-16F7-4668-BE54-9A1E7A4F7556}") = "WebAPI", "WebAPI\WebAPI.csproj", "{A0D797E1-0130-426E-B9BA-6140F0347617}"
EndProject
Project("{FAE04EC0-301F-11D3-BF4B-00C04F79EFBC}") = "Business", "Business\Business.csproj", "{001372BA-F2F5-4362-97F3-D5F4526BEDC0}"
EndProject
Project("{FAE04EC0-301F-11D3-BF4B-00C04F79EFBC}") = "DataBase", "DataBase\DataBase.csproj", "{32B14257-1488-4EB0-B2D5-F2F5DBA4C06F}"
EndProject
Global
	GlobalSection(SolutionConfigurationPlatforms) = preSolution
		Debug|Any CPU = Debug|Any CPU
		Release|Any CPU = Release|Any CPU
	EndGlobalSection
	GlobalSection(ProjectConfigurationPlatforms) = postSolution
		{A0D797E1-0130-426E-B9BA-6140F0347617}.Debug|Any CPU.ActiveCfg = Debug|Any CPU
		{A0D797E1-0130-426E-B9BA-6140F0347617}.Debug|Any CPU.Build.0 = Debug|Any CPU
		{A0D797E1-0130-426E-B9BA-6140F0347617}.Release|Any CPU.ActiveCfg = Release|Any CPU
		{A0D797E1-0130-426E-B9BA-6140F0347617}.Release|Any CPU.Build.0 = Release|Any CPU
		{001372BA-F2F5-4362-97F3-D5F4526BEDC0}.Debug|Any CPU.ActiveCfg = Debug|Any CPU
		{001372BA-F2F5-4362-97F3-D5F4526BEDC0}.Debug|Any CPU.Build.0 = Debug|Any CPU
		{001372BA-F2F5-4362-97F3-D5F4526BEDC0}.Release|Any CPU.ActiveCfg = Release|Any CPU
		{001372BA-F2F5-4362-97F3-D5F4526BEDC0}.Release|Any CPU.Build.0 = Release|Any CPU
		{32B14257-1488-4EB0-B2D5-F2F5DBA4C06F}.Debug|Any CPU.ActiveCfg = Debug|Any CPU
		{32B14257-1488-4EB0-B2D5-F2F5DBA4C06F}.Debug|Any CPU.Build.0 = Debug|Any CPU
		{32B14257-1488-4EB0-B2D5-F2F5DBA4C06F}.Release|Any CPU.ActiveCfg = Release|Any CPU
		{32B14257-1488-4EB0-B2D5-F2F5DBA4C06F}.Release|Any CPU.Build.0 = Release|Any CPU
	EndGlobalSection
	GlobalSection(SolutionProperties) = preSolution
		HideSolutionNode = FALSE
	EndGlobalSection
	GlobalSection(ExtensibilityGlobals) = postSolution
		SolutionGuid = {4561F375-69B4-4768-8466-4344007FC9E6}
	EndGlobalSection
EndGlobal
